
Microsoft Visual Studio Solution File, Format Version 12.00
# Visual Studio 15
VisualStudioVersion = 15.0.28307.102
MinimumVisualStudioVersion = 10.0.40219.1
Project("{FAE04EC0-301F-11D3-BF4B-00C04F79EFBC}") = "BlazorFiddle.BlazorTestApplication", "BlazorFiddle.BlazorTestApplication\BlazorFiddle.BlazorTestApplication.csproj", "{781D314B-2978-4B98-BA23-F7BF98F43EAD}"
EndProject
Project("{9A19103F-16F7-4668-BE54-9A1E7A4F7556}") = "BlazorFiddle.Blazor", "BlazorFiddle.Blazor\BlazorFiddle.Blazor.csproj", "{233D4D08-7C41-46CE-AA9C-B737C5258D98}"
EndProject
Global
	GlobalSection(SolutionConfigurationPlatforms) = preSolution
		Debug|Any CPU = Debug|Any CPU
		Release|Any CPU = Release|Any CPU
	EndGlobalSection
	GlobalSection(ProjectConfigurationPlatforms) = postSolution
		{781D314B-2978-4B98-BA23-F7BF98F43EAD}.Debug|Any CPU.ActiveCfg = Debug|Any CPU
		{781D314B-2978-4B98-BA23-F7BF98F43EAD}.Debug|Any CPU.Build.0 = Debug|Any CPU
		{781D314B-2978-4B98-BA23-F7BF98F43EAD}.Release|Any CPU.ActiveCfg = Release|Any CPU
		{781D314B-2978-4B98-BA23-F7BF98F43EAD}.Release|Any CPU.Build.0 = Release|Any CPU
		{233D4D08-7C41-46CE-AA9C-B737C5258D98}.Debug|Any CPU.ActiveCfg = Debug|Any CPU
		{233D4D08-7C41-46CE-AA9C-B737C5258D98}.Debug|Any CPU.Build.0 = Debug|Any CPU
		{233D4D08-7C41-46CE-AA9C-B737C5258D98}.Release|Any CPU.ActiveCfg = Release|Any CPU
		{233D4D08-7C41-46CE-AA9C-B737C5258D98}.Release|Any CPU.Build.0 = Release|Any CPU
	EndGlobalSection
	GlobalSection(SolutionProperties) = preSolution
		HideSolutionNode = FALSE
	EndGlobalSection
	GlobalSection(ExtensibilityGlobals) = postSolution
		SolutionGuid = {26EEAC28-1D7A-4F43-9AFB-6C0C329D0E62}
	EndGlobalSection
EndGlobal
